<?xml version="1.0"?>
<CONFIG>
  <ProjectOptions>
    <Version Value="9"/>
    <PathDelim Value="\"/>
    <General>
      <Flags>
        <MainUnitHasCreateFormStatements Value="False"/>
        <MainUnitHasTitleStatement Value="False"/>
      </Flags>
      <SessionStorage Value="InProjectDir"/>
      <MainUnit Value="0"/>
      <Title Value="numerics"/>
      <UseAppBundle Value="False"/>
      <ResourceType Value="res"/>
    </General>
    <i18n>
      <EnableI18N LFM="False"/>
    </i18n>
    <VersionInfo>
      <StringTable ProductVersion=""/>
    </VersionInfo>
    <BuildModes Count="1">
      <Item1 Name="Default" Default="True"/>
    </BuildModes>
    <PublishOptions>
      <Version Value="2"/>
      <IncludeFileFilter Value="*.(pas|pp|inc|lfm|lpr|lrs|lpi|lpk|sh|xml)"/>
      <ExcludeFileFilter Value="*.(bak|ppu|o|so);*~;backup"/>
    </PublishOptions>
    <RunParams>
      <local>
        <FormatVersion Value="1"/>
      </local>
    </RunParams>
    <Units Count="7">
      <Unit0>
        <Filename Value="numerics.lpr"/>
        <IsPartOfProject Value="True"/>
        <UnitName Value="numerics"/>
      </Unit0>
      <Unit1>
        <Filename Value="..\..\..\..\..\Source\Include\TFL.inc"/>
        <IsPartOfProject Value="True"/>
      </Unit1>
      <Unit2>
        <Filename Value="..\..\..\..\..\Source\Shared\Units\Shared\tfLimbs.pas"/>
        <IsPartOfProject Value="True"/>
        <UnitName Value="tfLimbs"/>
      </Unit2>
      <Unit3>
        <Filename Value="..\..\..\..\..\Source\Shared\Units\Shared\tfTypes.pas"/>
        <IsPartOfProject Value="True"/>
        <UnitName Value="tfTypes"/>
      </Unit3>
      <Unit4>
        <Filename Value="..\..\..\..\..\Source\Shared\Units\Engine\tfRecords.pas"/>
        <IsPartOfProject Value="True"/>
        <UnitName Value="tfRecords"/>
      </Unit4>
      <Unit5>
        <Filename Value="..\..\..\..\..\Source\Numerics\Units\Engine\arrProcs.pas"/>
        <IsPartOfProject Value="True"/>
        <UnitName Value="arrProcs"/>
      </Unit5>
      <Unit6>
        <Filename Value="..\..\..\..\..\Source\Numerics\Units\Engine\tfNumbers.pas"/>
        <IsPartOfProject Value="True"/>
        <UnitName Value="tfNumbers"/>
      </Unit6>
    </Units>
  </ProjectOptions>
  <CompilerOptions>
    <Version Value="11"/>
    <PathDelim Value="\"/>
    <Target>
      <Filename Value="numerics64"/>
    </Target>
    <SearchPaths>
      <IncludeFiles Value="$(ProjOutDir);..\..\..\..\..\Source\Include"/>
      <OtherUnitFiles Value="..\..\..\..\..\Source\Shared\Units\Shared;..\..\..\..\..\Source\Shared\Units\Engine;..\..\..\..\..\Source\Numerics\Units\Engine"/>
      <UnitOutputDirectory Value="lib\$(TargetCPU)-$(TargetOS)"/>
    </SearchPaths>
    <CodeGeneration>
      <RelocatableUnit Value="True"/>
    </CodeGeneration>
    <Linking>
      <Debugging>
        <GenerateDebugInfo Value="False"/>
      </Debugging>
      <Options>
        <ExecutableType Value="Library"/>
      </Options>
    </Linking>
    <Other>
      <CompilerMessages>
        <MsgFileName Value=""/>
      </CompilerMessages>
      <CustomOptions Value="-dTFL_DLL"/>
      <CompilerPath Value="$(CompPath)"/>
    </Other>
  </CompilerOptions>
  <Debugging>
    <Exceptions Count="3">
      <Item1>
        <Name Value="EAbort"/>
      </Item1>
      <Item2>
        <Name Value="ECodetoolError"/>
      </Item2>
      <Item3>
        <Name Value="EFOpenError"/>
      </Item3>
    </Exceptions>
  </Debugging>
</CONFIG>
